// !$*UTF8*$!
{
	archiveVersion = 1;
	classes = {
	};
	objectVersion = 46;
	objects = {

/* Begin PBXBuildFile section */
		4E9E66C41D2F734D00F0AE6E /* AppDelegate.swift in Sources */ = {isa = PBXBuildFile; fileRef = 4E9E66C31D2F734D00F0AE6E /* AppDelegate.swift */; };
		4E9E66C61D2F734D00F0AE6E /* ViewController.swift in Sources */ = {isa = PBXBuildFile; fileRef = 4E9E66C51D2F734D00F0AE6E /* ViewController.swift */; };
		4E9E66C91D2F734D00F0AE6E /* Main.storyboard in Resources */ = {isa = PBXBuildFile; fileRef = 4E9E66C71D2F734D00F0AE6E /* Main.storyboard */; };
		4E9E66CB1D2F734D00F0AE6E /* Assets.xcassets in Resources */ = {isa = PBXBuildFile; fileRef = 4E9E66CA1D2F734D00F0AE6E /* Assets.xcassets */; };
		4E9E66CE1D2F734D00F0AE6E /* LaunchScreen.storyboard in Resources */ = {isa = PBXBuildFile; fileRef = 4E9E66CC1D2F734D00F0AE6E /* LaunchScreen.storyboard */; };
		4E9E66D91D2F734D00F0AE6E /* Project5Tests.swift in Sources */ = {isa = PBXBuildFile; fileRef = 4E9E66D81D2F734D00F0AE6E /* Project5Tests.swift */; };
		4E9E66E41D2F734D00F0AE6E /* Project5UITests.swift in Sources */ = {isa = PBXBuildFile; fileRef = 4E9E66E31D2F734D00F0AE6E /* Project5UITests.swift */; };
		4E9E66F21D2F7A9E00F0AE6E /* InterestCollectionViewCell.swift in Sources */ = {isa = PBXBuildFile; fileRef = 4E9E66F11D2F7A9E00F0AE6E /* InterestCollectionViewCell.swift */; };
		4E9E66F41D2F7AB800F0AE6E /* Interest.swift in Sources */ = {isa = PBXBuildFile; fileRef = 4E9E66F31D2F7AB800F0AE6E /* Interest.swift */; };
		4E9E66F81D2FA57000F0AE6E /* LinLayout.swift in Sources */ = {isa = PBXBuildFile; fileRef = 4E9E66F71D2FA57000F0AE6E /* LinLayout.swift */; };
/* End PBXBuildFile section */

/* Begin PBXContainerItemProxy section */
		4E9E66D51D2F734D00F0AE6E /* PBXContainerItemProxy */ = {
			isa = PBXContainerItemProxy;
			containerPortal = 4E9E66B81D2F734C00F0AE6E /* Project object */;
			proxyType = 1;
			remoteGlobalIDString = 4E9E66BF1D2F734D00F0AE6E;
			remoteInfo = Project5;
		};
		4E9E66E01D2F734D00F0AE6E /* PBXContainerItemProxy */ = {
			isa = PBXContainerItemProxy;
			containerPortal = 4E9E66B81D2F734C00F0AE6E /* Project object */;
			proxyType = 1;
			remoteGlobalIDString = 4E9E66BF1D2F734D00F0AE6E;
			remoteInfo = Project5;
		};
/* End PBXContainerItemProxy section */

/* Begin PBXFileReference section */
		4E9E66C01D2F734D00F0AE6E /* Project5.app */ = {isa = PBXFileReference; explicitFileType = wrapper.application; includeInIndex = 0; path = Project5.app; sourceTree = BUILT_PRODUCTS_DIR; };
		4E9E66C31D2F734D00F0AE6E /* AppDelegate.swift */ = {isa = PBXFileReference; lastKnownFileType = sourcecode.swift; path = AppDelegate.swift; sourceTree = "<group>"; };
		4E9E66C51D2F734D00F0AE6E /* ViewController.swift */ = {isa = PBXFileReference; lastKnownFileType = sourcecode.swift; path = ViewController.swift; sourceTree = "<group>"; wrapsLines = 0; };
		4E9E66C81D2F734D00F0AE6E /* Base */ = {isa = PBXFileReference; lastKnownFileType = file.storyboard; name = Base; path = Base.lproj/Main.storyboard; sourceTree = "<group>"; };
		4E9E66CA1D2F734D00F0AE6E /* Assets.xcassets */ = {isa = PBXFileReference; lastKnownFileType = folder.assetcatalog; path = Assets.xcassets; sourceTree = "<group>"; };
		4E9E66CD1D2F734D00F0AE6E /* Base */ = {isa = PBXFileReference; lastKnownFileType = file.storyboard; name = Base; path = Base.lproj/LaunchScreen.storyboard; sourceTree = "<group>"; };
		4E9E66CF1D2F734D00F0AE6E /* Info.plist */ = {isa = PBXFileReference; lastKnownFileType = text.plist.xml; path = Info.plist; sourceTree = "<group>"; };
		4E9E66D41D2F734D00F0AE6E /* Project5Tests.xctest */ = {isa = PBXFileReference; explicitFileType = wrapper.cfbundle; includeInIndex = 0; path = Project5Tests.xctest; sourceTree = BUILT_PRODUCTS_DIR; };
		4E9E66D81D2F734D00F0AE6E /* Project5Tests.swift */ = {isa = PBXFileReference; lastKnownFileType = sourcecode.swift; path = Project5Tests.swift; sourceTree = "<group>"; };
		4E9E66DA1D2F734D00F0AE6E /* Info.plist */ = {isa = PBXFileReference; lastKnownFileType = text.plist.xml; path = Info.plist; sourceTree = "<group>"; };
		4E9E66DF1D2F734D00F0AE6E /* Project5UITests.xctest */ = {isa = PBXFileReference; explicitFileType = wrapper.cfbundle; includeInIndex = 0; path = Project5UITests.xctest; sourceTree = BUILT_PRODUCTS_DIR; };
		4E9E66E31D2F734D00F0AE6E /* Project5UITests.swift */ = {isa = PBXFileReference; lastKnownFileType = sourcecode.swift; path = Project5UITests.swift; sourceTree = "<group>"; };
		4E9E66E51D2F734D00F0AE6E /* Info.plist */ = {isa = PBXFileReference; lastKnownFileType = text.plist.xml; path = Info.plist; sourceTree = "<group>"; };
		4E9E66F11D2F7A9E00F0AE6E /* InterestCollectionViewCell.swift */ = {isa = PBXFileReference; fileEncoding = 4; lastKnownFileType = sourcecode.swift; path = InterestCollectionViewCell.swift; sourceTree = "<group>"; };
		4E9E66F31D2F7AB800F0AE6E /* Interest.swift */ = {isa = PBXFileReference; fileEncoding = 4; lastKnownFileType = sourcecode.swift; path = Interest.swift; sourceTree = "<group>"; };
		4E9E66F71D2FA57000F0AE6E /* LinLayout.swift */ = {isa = PBXFileReference; fileEncoding = 4; lastKnownFileType = sourcecode.swift; path = LinLayout.swift; sourceTree = "<group>"; };
/* End PBXFileReference section */

/* Begin PBXFrameworksBuildPhase section */
		4E9E66BD1D2F734D00F0AE6E /* Frameworks */ = {
			isa = PBXFrameworksBuildPhase;
			buildActionMask = 2147483647;
			files = (
			);
			runOnlyForDeploymentPostprocessing = 0;
		};
		4E9E66D11D2F734D00F0AE6E /* Frameworks */ = {
			isa = PBXFrameworksBuildPhase;
			buildActionMask = 2147483647;
			files = (
			);
			runOnlyForDeploymentPostprocessing = 0;
		};
		4E9E66DC1D2F734D00F0AE6E /* Frameworks */ = {
			isa = PBXFrameworksBuildPhase;
			buildActionMask = 2147483647;
			files = (
			);
			runOnlyForDeploymentPostprocessing = 0;
		};
/* End PBXFrameworksBuildPhase section */

/* Begin PBXGroup section */
		4E9E66B71D2F734C00F0AE6E = {
			isa = PBXGroup;
			children = (
				4E9E66C21D2F734D00F0AE6E /* Project5 */,
				4E9E66D71D2F734D00F0AE6E /* Project5Tests */,
				4E9E66E21D2F734D00F0AE6E /* Project5UITests */,
				4E9E66C11D2F734D00F0AE6E /* Products */,
			);
			sourceTree = "<group>";
		};
		4E9E66C11D2F734D00F0AE6E /* Products */ = {
			isa = PBXGroup;
			children = (
				4E9E66C01D2F734D00F0AE6E /* Project5.app */,
				4E9E66D41D2F734D00F0AE6E /* Project5Tests.xctest */,
				4E9E66DF1D2F734D00F0AE6E /* Project5UITests.xctest */,
			);
			name = Products;
			sourceTree = "<group>";
		};
		4E9E66C21D2F734D00F0AE6E /* Project5 */ = {
			isa = PBXGroup;
			children = (
				4E9E66C31D2F734D00F0AE6E /* AppDelegate.swift */,
				4E9E66C51D2F734D00F0AE6E /* ViewController.swift */,
				4E9E66F71D2FA57000F0AE6E /* LinLayout.swift */,
				4E9E66C71D2F734D00F0AE6E /* Main.storyboard */,
				4E9E66F11D2F7A9E00F0AE6E /* InterestCollectionViewCell.swift */,
				4E9E66F31D2F7AB800F0AE6E /* Interest.swift */,
				4E9E66CA1D2F734D00F0AE6E /* Assets.xcassets */,
				4E9E66CC1D2F734D00F0AE6E /* LaunchScreen.storyboard */,
				4E9E66CF1D2F734D00F0AE6E /* Info.plist */,
			);
			path = Project5;
			sourceTree = "<group>";
		};
		4E9E66D71D2F734D00F0AE6E /* Project5Tests */ = {
			isa = PBXGroup;
			children = (
				4E9E66D81D2F734D00F0AE6E /* Project5Tests.swift */,
				4E9E66DA1D2F734D00F0AE6E /* Info.plist */,
			);
			path = Project5Tests;
			sourceTree = "<group>";
		};
		4E9E66E21D2F734D00F0AE6E /* Project5UITests */ = {
			isa = PBXGroup;
			children = (
				4E9E66E31D2F734D00F0AE6E /* Project5UITests.swift */,
				4E9E66E51D2F734D00F0AE6E /* Info.plist */,
			);
			path = Project5UITests;
			sourceTree = "<group>";
		};
/* End PBXGroup section */

/* Begin PBXNativeTarget section */
		4E9E66BF1D2F734D00F0AE6E /* Project5 */ = {
			isa = PBXNativeTarget;
			buildConfigurationList = 4E9E66E81D2F734D00F0AE6E /* Build configuration list for PBXNativeTarget "Project5" */;
			buildPhases = (
				4E9E66BC1D2F734D00F0AE6E /* Sources */,
				4E9E66BD1D2F734D00F0AE6E /* Frameworks */,
				4E9E66BE1D2F734D00F0AE6E /* Resources */,
			);
			buildRules = (
			);
			dependencies = (
			);
			name = Project5;
			productName = Project5;
			productReference = 4E9E66C01D2F734D00F0AE6E /* Project5.app */;
			productType = "com.apple.product-type.application";
		};
		4E9E66D31D2F734D00F0AE6E /* Project5Tests */ = {
			isa = PBXNativeTarget;
			buildConfigurationList = 4E9E66EB1D2F734D00F0AE6E /* Build configuration list for PBXNativeTarget "Project5Tests" */;
			buildPhases = (
				4E9E66D01D2F734D00F0AE6E /* Sources */,
				4E9E66D11D2F734D00F0AE6E /* Frameworks */,
				4E9E66D21D2F734D00F0AE6E /* Resources */,
			);
			buildRules = (
			);
			dependencies = (
				4E9E66D61D2F734D00F0AE6E /* PBXTargetDependency */,
			);
			name = Project5Tests;
			productName = Project5Tests;
			productReference = 4E9E66D41D2F734D00F0AE6E /* Project5Tests.xctest */;
			productType = "com.apple.product-type.bundle.unit-test";
		};
		4E9E66DE1D2F734D00F0AE6E /* Project5UITests */ = {
			isa = PBXNativeTarget;
			buildConfigurationList = 4E9E66EE1D2F734D00F0AE6E /* Build configuration list for PBXNativeTarget "Project5UITests" */;
			buildPhases = (
				4E9E66DB1D2F734D00F0AE6E /* Sources */,
				4E9E66DC1D2F734D00F0AE6E /* Frameworks */,
				4E9E66DD1D2F734D00F0AE6E /* Resources */,
			);
			buildRules = (
			);
			dependencies = (
				4E9E66E11D2F734D00F0AE6E /* PBXTargetDependency */,
			);
			name = Project5UITests;
			productName = Project5UITests;
			productReference = 4E9E66DF1D2F734D00F0AE6E /* Project5UITests.xctest */;
			productType = "com.apple.product-type.bundle.ui-testing";
		};
/* End PBXNativeTarget section */

/* Begin PBXProject section */
		4E9E66B81D2F734C00F0AE6E /* Project object */ = {
			isa = PBXProject;
			attributes = {
				LastSwiftUpdateCheck = 0730;
				LastUpgradeCheck = 0730;
				ORGANIZATIONNAME = zzj;
				TargetAttributes = {
					4E9E66BF1D2F734D00F0AE6E = {
						CreatedOnToolsVersion = 7.3.1;
					};
					4E9E66D31D2F734D00F0AE6E = {
						CreatedOnToolsVersion = 7.3.1;
						TestTargetID = 4E9E66BF1D2F734D00F0AE6E;
					};
					4E9E66DE1D2F734D00F0AE6E = {
						CreatedOnToolsVersion = 7.3.1;
						TestTargetID = 4E9E66BF1D2F734D00F0AE6E;
					};
				};
			};
			buildConfigurationList = 4E9E66BB1D2F734C00F0AE6E /* Build configuration list for PBXProject "Project5" */;
			compatibilityVersion = "Xcode 3.2";
			developmentRegion = English;
			hasScannedForEncodings = 0;
			knownRegions = (
				en,
				Base,
			);
			mainGroup = 4E9E66B71D2F734C00F0AE6E;
			productRefGroup = 4E9E66C11D2F734D00F0AE6E /* Products */;
			projectDirPath = "";
			projectRoot = "";
			targets = (
				4E9E66BF1D2F734D00F0AE6E /* Project5 */,
				4E9E66D31D2F734D00F0AE6E /* Project5Tests */,
				4E9E66DE1D2F734D00F0AE6E /* Project5UITests */,
			);
		};
/* End PBXProject section */

/* Begin PBXResourcesBuildPhase section */
		4E9E66BE1D2F734D00F0AE6E /* Resources */ = {
			isa = PBXResourcesBuildPhase;
			buildActionMask = 2147483647;
			files = (
				4E9E66CE1D2F734D00F0AE6E /* LaunchScreen.storyboard in Resources */,
				4E9E66CB1D2F734D00F0AE6E /* Assets.xcassets in Resources */,
				4E9E66C91D2F734D00F0AE6E /* Main.storyboard in Resources */,
			);
			runOnlyForDeploymentPostprocessing = 0;
		};
		4E9E66D21D2F734D00F0AE6E /* Resources */ = {
			isa = PBXResourcesBuildPhase;
			buildActionMask = 2147483647;
			files = (
			);
			runOnlyForDeploymentPostprocessing = 0;
		};
		4E9E66DD1D2F734D00F0AE6E /* Resources */ = {
			isa = PBXResourcesBuildPhase;
			buildActionMask = 2147483647;
			files = (
			);
			runOnlyForDeploymentPostprocessing = 0;
		};
/* End PBXResourcesBuildPhase section */

/* Begin PBXSourcesBuildPhase section */
		4E9E66BC1D2F734D00F0AE6E /* Sources */ = {
			isa = PBXSourcesBuildPhase;
			buildActionMask = 2147483647;
			files = (
				4E9E66F21D2F7A9E00F0AE6E /* InterestCollectionViewCell.swift in Sources */,
				4E9E66C61D2F734D00F0AE6E /* ViewController.swift in Sources */,
				4E9E66C41D2F734D00F0AE6E /* AppDelegate.swift in Sources */,
				4E9E66F81D2FA57000F0AE6E /* LinLayout.swift in Sources */,
				4E9E66F41D2F7AB800F0AE6E /* Interest.swift in Sources */,
			);
			runOnlyForDeploymentPostprocessing = 0;
		};
		4E9E66D01D2F734D00F0AE6E /* Sources */ = {
			isa = PBXSourcesBuildPhase;
			buildActionMask = 2147483647;
			files = (
				4E9E66D91D2F734D00F0AE6E /* Project5Tests.swift in Sources */,
			);
			runOnlyForDeploymentPostprocessing = 0;
		};
		4E9E66DB1D2F734D00F0AE6E /* Sources */ = {
			isa = PBXSourcesBuildPhase;
			buildActionMask = 2147483647;
			files = (
				4E9E66E41D2F734D00F0AE6E /* Project5UITests.swift in Sources */,
			);
			runOnlyForDeploymentPostprocessing = 0;
		};
/* End PBXSourcesBuildPhase section */

/* Begin PBXTargetDependency section */
		4E9E66D61D2F734D00F0AE6E /* PBXTargetDependency */ = {
			isa = PBXTargetDependency;
			target = 4E9E66BF1D2F734D00F0AE6E /* Project5 */;
			targetProxy = 4E9E66D51D2F734D00F0AE6E /* PBXContainerItemProxy */;
		};
		4E9E66E11D2F734D00F0AE6E /* PBXTargetDependency */ = {
			isa = PBXTargetDependency;
			target = 4E9E66BF1D2F734D00F0AE6E /* Project5 */;
			targetProxy = 4E9E66E01D2F734D00F0AE6E /* PBXContainerItemProxy */;
		};
/* End PBXTargetDependency section */

/* Begin PBXVariantGroup section */
		4E9E66C71D2F734D00F0AE6E /* Main.storyboard */ = {
			isa = PBXVariantGroup;
			children = (
				4E9E66C81D2F734D00F0AE6E /* Base */,
			);
			name = Main.storyboard;
			sourceTree = "<group>";
		};
		4E9E66CC1D2F734D00F0AE6E /* LaunchScreen.storyboard */ = {
			isa = PBXVariantGroup;
			children = (
				4E9E66CD1D2F734D00F0AE6E /* Base */,
			);
			name = LaunchScreen.storyboard;
			sourceTree = "<group>";
		};
/* End PBXVariantGroup section */

/* Begin XCBuildConfiguration section */
		4E9E66E61D2F734D00F0AE6E /* Debug */ = {
			isa = XCBuildConfiguration;
			buildSettings = {
				ALWAYS_SEARCH_USER_PATHS = NO;
				CLANG_ANALYZER_NONNULL = YES;
				CLANG_CXX_LANGUAGE_STANDARD = "gnu++0x";
				CLANG_CXX_LIBRARY = "libc++";
				CLANG_ENABLE_MODULES = YES;
				CLANG_ENABLE_OBJC_ARC = YES;
				CLANG_WARN_BOOL_CONVERSION = YES;
				CLANG_WARN_CONSTANT_CONVERSION = YES;
				CLANG_WARN_DIRECT_OBJC_ISA_USAGE = YES_ERROR;
				CLANG_WARN_EMPTY_BODY = YES;
				CLANG_WARN_ENUM_CONVERSION = YES;
				CLANG_WARN_INT_CONVERSION = YES;
				CLANG_WARN_OBJC_ROOT_CLASS = YES_ERROR;
				CLANG_WARN_UNREACHABLE_CODE = YES;
				CLANG_WARN__DUPLICATE_METHOD_MATCH = YES;
				"CODE_SIGN_IDENTITY[sdk=iphoneos*]" = "iPhone Developer";
				COPY_PHASE_STRIP = NO;
				DEBUG_INFORMATION_FORMAT = dwarf;
				ENABLE_STRICT_OBJC_MSGSEND = YES;
				ENABLE_TESTABILITY = YES;
				GCC_C_LANGUAGE_STANDARD = gnu99;
				GCC_DYNAMIC_NO_PIC = NO;
				GCC_NO_COMMON_BLOCKS = YES;
				GCC_OPTIMIZATION_LEVEL = 0;
				GCC_PREPROCESSOR_DEFINITIONS = (
					"DEBUG=1",
					"$(inherited)",
				);
				GCC_WARN_64_TO_32_BIT_CONVERSION = YES;
				GCC_WARN_ABOUT_RETURN_TYPE = YES_ERROR;
				GCC_WARN_UNDECLARED_SELECTOR = YES;
				GCC_WARN_UNINITIALIZED_AUTOS = YES_AGGRESSIVE;
				GCC_WARN_UNUSED_FUNCTION = YES;
				GCC_WARN_UNUSED_VARIABLE = YES;
				IPHONEOS_DEPLOYMENT_TARGET = 9.3;
				MTL_ENABLE_DEBUG_INFO = YES;
				ONLY_ACTIVE_ARCH = YES;
				SDKROOT = iphoneos;
				SWIFT_OPTIMIZATION_LEVEL = "-Onone";
				TARGETED_DEVICE_FAMILY = "1,2";
			};
			name = Debug;
		};
		4E9E66E71D2F734D00F0AE6E /* Release */ = {
			isa = XCBuildConfiguration;
			buildSettings = {
				ALWAYS_SEARCH_USER_PATHS = NO;
				CLANG_ANALYZER_NONNULL = YES;
				CLANG_CXX_LANGUAGE_STANDARD = "gnu++0x";
				CLANG_CXX_LIBRARY = "libc++";
				CLANG_ENABLE_MODULES = YES;
				CLANG_ENABLE_OBJC_ARC = YES;
				CLANG_WARN_BOOL_CONVERSION = YES;
				CLANG_WARN_CONSTANT_CONVERSION = YES;
				CLANG_WARN_DIRECT_OBJC_ISA_USAGE = YES_ERROR;
				CLANG_WARN_EMPTY_BODY = YES;
				CLANG_WARN_ENUM_CONVERSION = YES;
				CLANG_WARN_INT_CONVERSION = YES;
				CLANG_WARN_OBJC_ROOT_CLASS = YES_ERROR;
				CLANG_WARN_UNREACHABLE_CODE = YES;
				CLANG_WARN__DUPLICATE_METHOD_MATCH = YES;
				"CODE_SIGN_IDENTITY[sdk=iphoneos*]" = "iPhone Developer";
				COPY_PHASE_STRIP = NO;
				DEBUG_INFORMATION_FORMAT = "dwarf-with-dsym";
				ENABLE_NS_ASSERTIONS = NO;
				ENABLE_STRICT_OBJC_MSGSEND = YES;
				GCC_C_LANGUAGE_STANDARD = gnu99;
				GCC_NO_COMMON_BLOCKS = YES;
				GCC_WARN_64_TO_32_BIT_CONVERSION = YES;
				GCC_WARN_ABOUT_RETURN_TYPE = YES_ERROR;
				GCC_WARN_UNDECLARED_SELECTOR = YES;
				GCC_WARN_UNINITIALIZED_AUTOS = YES_AGGRESSIVE;
				GCC_WARN_UNUSED_FUNCTION = YES;
				GCC_WARN_UNUSED_VARIABLE = YES;
				IPHONEOS_DEPLOYMENT_TARGET = 9.3;
				MTL_ENABLE_DEBUG_INFO = NO;
				SDKROOT = iphoneos;
				TARGETED_DEVICE_FAMILY = "1,2";
				VALIDATE_PRODUCT = YES;
			};
			name = Release;
		};
		4E9E66E91D2F734D00F0AE6E /* Debug */ = {
			isa = XCBuildConfiguration;
			buildSettings = {
				ASSETCATALOG_COMPILER_APPICON_NAME = AppIcon;
				INFOPLIST_FILE = Project5/Info.plist;
				LD_RUNPATH_SEARCH_PATHS = "$(inherited) @executable_path/Frameworks";
				PRODUCT_BUNDLE_IDENTIFIER = com.zzj.Project5;
				PRODUCT_NAME = "$(TARGET_NAME)";
			};
			name = Debug;
		};
		4E9E66EA1D2F734D00F0AE6E /* Release */ = {
			isa = XCBuildConfiguration;
			buildSettings = {
				ASSETCATALOG_COMPILER_APPICON_NAME = AppIcon;
				INFOPLIST_FILE = Project5/Info.plist;
				LD_RUNPATH_SEARCH_PATHS = "$(inherited) @executable_path/Frameworks";
				PRODUCT_BUNDLE_IDENTIFIER = com.zzj.Project5;
				PRODUCT_NAME = "$(TARGET_NAME)";
			};
			name = Release;
		};
		4E9E66EC1D2F734D00F0AE6E /* Debug */ = {
			isa = XCBuildConfiguration;
			buildSettings = {
				BUNDLE_LOADER = "$(TEST_HOST)";
				INFOPLIST_FILE = Project5Tests/Info.plist;
				LD_RUNPATH_SEARCH_PATHS = "$(inherited) @executable_path/Frameworks @loader_path/Frameworks";
				PRODUCT_BUNDLE_IDENTIFIER = com.zzj.Project5Tests;
				PRODUCT_NAME = "$(TARGET_NAME)";
				TEST_HOST = "$(BUILT_PRODUCTS_DIR)/Project5.app/Project5";
			};
			name = Debug;
		};
		4E9E66ED1D2F734D00F0AE6E /* Release */ = {
			isa = XCBuildConfiguration;
			buildSettings = {
				BUNDLE_LOADER = "$(TEST_HOST)";
				INFOPLIST_FILE = Project5Tests/Info.plist;
				LD_RUNPATH_SEARCH_PATHS = "$(inherited) @executable_path/Frameworks @loader_path/Frameworks";
				PRODUCT_BUNDLE_IDENTIFIER = com.zzj.Project5Tests;
				PRODUCT_NAME = "$(TARGET_NAME)";
				TEST_HOST = "$(BUILT_PRODUCTS_DIR)/Project5.app/Project5";
			};
			name = Release;
		};
		4E9E66EF1D2F734D00F0AE6E /* Debug */ = {
			isa = XCBuildConfiguration;
			buildSettings = {
				INFOPLIST_FILE = Project5UITests/Info.plist;
				LD_RUNPATH_SEARCH_PATHS = "$(inherited) @executable_path/Frameworks @loader_path/Frameworks";
				PRODUCT_BUNDLE_IDENTIFIER = com.zzj.Project5UITests;
				PRODUCT_NAME = "$(TARGET_NAME)";
				TEST_TARGET_NAME = Project5;
			};
			name = Debug;
		};
		4E9E66F01D2F734D00F0AE6E /* Release */ = {
			isa = XCBuildConfiguration;
			buildSettings = {
				INFOPLIST_FILE = Project5UITests/Info.plist;
				LD_RUNPATH_SEARCH_PATHS = "$(inherited) @executable_path/Frameworks @loader_path/Frameworks";
				PRODUCT_BUNDLE_IDENTIFIER = com.zzj.Project5UITests;
				PRODUCT_NAME = "$(TARGET_NAME)";
				TEST_TARGET_NAME = Project5;
			};
			name = Release;
		};
/* End XCBuildConfiguration section */

/* Begin XCConfigurationList section */
		4E9E66BB1D2F734C00F0AE6E /* Build configuration list for PBXProject "Project5" */ = {
			isa = XCConfigurationList;
			buildConfigurations = (
				4E9E66E61D2F734D00F0AE6E /* Debug */,
				4E9E66E71D2F734D00F0AE6E /* Release */,
			);
			defaultConfigurationIsVisible = 0;
			defaultConfigurationName = Release;
		};
		4E9E66E81D2F734D00F0AE6E /* Build configuration list for PBXNativeTarget "Project5" */ = {
			isa = XCConfigurationList;
			buildConfigurations = (
				4E9E66E91D2F734D00F0AE6E /* Debug */,
				4E9E66EA1D2F734D00F0AE6E /* Release */,
			);
			defaultConfigurationIsVisible = 0;
		};
		4E9E66EB1D2F734D00F0AE6E /* Build configuration list for PBXNativeTarget "Project5Tests" */ = {
			isa = XCConfigurationList;
			buildConfigurations = (
				4E9E66EC1D2F734D00F0AE6E /* Debug */,
				4E9E66ED1D2F734D00F0AE6E /* Release */,
			);
			defaultConfigurationIsVisible = 0;
		};
		4E9E66EE1D2F734D00F0AE6E /* Build configuration list for PBXNativeTarget "Project5UITests" */ = {
			isa = XCConfigurationList;
			buildConfigurations = (
				4E9E66EF1D2F734D00F0AE6E /* Debug */,
				4E9E66F01D2F734D00F0AE6E /* Release */,
			);
			defaultConfigurationIsVisible = 0;
		};
/* End XCConfigurationList section */
	};
	rootObject = 4E9E66B81D2F734C00F0AE6E /* Project object */;
}
